
Microsoft Visual Studio Solution File, Format Version 12.00
# Visual Studio Version 16
VisualStudioVersion = 16.0.32002.261
MinimumVisualStudioVersion = 10.0.40219.1
Project("{FAE04EC0-301F-11D3-BF4B-00C04F79EFBC}") = "EntityFramework.Samples", "EntityFramework.Samples\EntityFramework.Samples.csproj", "{502EB016-8A21-4BAD-8579-9FF72FB7644A}"
EndProject
Project("{FAE04EC0-301F-11D3-BF4B-00C04F79EFBC}") = "EntityFramework.Samples.ConsoleRunner", "EntityFramework.Samples.ConsoleRunner\EntityFramework.Samples.ConsoleRunner.csproj", "{4C3F00FC-AE4C-40ED-B77A-D80D8CA7373D}"
EndProject
Project("{FAE04EC0-301F-11D3-BF4B-00C04F79EFBC}") = "EntityFrameworkCore.Samples", "EntityFrameworkCore.Samples\EntityFrameworkCore.Samples.csproj", "{78073C24-6962-4150-A065-74AF27561571}"
EndProject
Project("{FAE04EC0-301F-11D3-BF4B-00C04F79EFBC}") = "EntityFrameworkCore.ConsoleRunner", "EntityFrameworkCore.ConsoleRunner\EntityFrameworkCore.ConsoleRunner.csproj", "{28C0BB61-3A50-468C-A21B-E0AD46C6F893}"
EndProject
Global
	GlobalSection(SolutionConfigurationPlatforms) = preSolution
		Debug|Any CPU = Debug|Any CPU
		Release|Any CPU = Release|Any CPU
	EndGlobalSection
	GlobalSection(ProjectConfigurationPlatforms) = postSolution
		{502EB016-8A21-4BAD-8579-9FF72FB7644A}.Debug|Any CPU.ActiveCfg = Debug|Any CPU
		{502EB016-8A21-4BAD-8579-9FF72FB7644A}.Debug|Any CPU.Build.0 = Debug|Any CPU
		{502EB016-8A21-4BAD-8579-9FF72FB7644A}.Release|Any CPU.ActiveCfg = Release|Any CPU
		{502EB016-8A21-4BAD-8579-9FF72FB7644A}.Release|Any CPU.Build.0 = Release|Any CPU
		{4C3F00FC-AE4C-40ED-B77A-D80D8CA7373D}.Debug|Any CPU.ActiveCfg = Debug|Any CPU
		{4C3F00FC-AE4C-40ED-B77A-D80D8CA7373D}.Debug|Any CPU.Build.0 = Debug|Any CPU
		{4C3F00FC-AE4C-40ED-B77A-D80D8CA7373D}.Release|Any CPU.ActiveCfg = Release|Any CPU
		{4C3F00FC-AE4C-40ED-B77A-D80D8CA7373D}.Release|Any CPU.Build.0 = Release|Any CPU
		{78073C24-6962-4150-A065-74AF27561571}.Debug|Any CPU.ActiveCfg = Debug|Any CPU
		{78073C24-6962-4150-A065-74AF27561571}.Debug|Any CPU.Build.0 = Debug|Any CPU
		{78073C24-6962-4150-A065-74AF27561571}.Release|Any CPU.ActiveCfg = Release|Any CPU
		{78073C24-6962-4150-A065-74AF27561571}.Release|Any CPU.Build.0 = Release|Any CPU
		{28C0BB61-3A50-468C-A21B-E0AD46C6F893}.Debug|Any CPU.ActiveCfg = Debug|Any CPU
		{28C0BB61-3A50-468C-A21B-E0AD46C6F893}.Debug|Any CPU.Build.0 = Debug|Any CPU
		{28C0BB61-3A50-468C-A21B-E0AD46C6F893}.Release|Any CPU.ActiveCfg = Release|Any CPU
		{28C0BB61-3A50-468C-A21B-E0AD46C6F893}.Release|Any CPU.Build.0 = Release|Any CPU
	EndGlobalSection
	GlobalSection(SolutionProperties) = preSolution
		HideSolutionNode = FALSE
	EndGlobalSection
	GlobalSection(ExtensibilityGlobals) = postSolution
		SolutionGuid = {9CC07600-94E5-4B1E-ACAC-07468CC26EA0}
	EndGlobalSection
EndGlobal
